lockfileVersion: '9.0'

settings:
  autoInstallPeers: true
  excludeLinksFromLockfile: false

overrides:
  '@mastra/core': link:../../packages/core
  '@mastra/e2b': link:../../workspaces/e2b
  '@mastra/gcs': link:../../workspaces/gcs
  '@mastra/s3': link:../../workspaces/s3
  '@mastra/memory': link:../../packages/memory
  '@mastra/libsql': link:../../stores/libsql
  '@mastra/client-js': link:../../client-sdks/client-js
  '@mastra/observability': link:../../observability/mastra
  '@mastra/fastembed': link:../../packages/fastembed
  mastra: link:../../packages/cli

importers:

  .:
    dependencies:
      '@ai-sdk/openai':
        specifier: ^3.0.0
        version: 3.0.12(zod@3.25.76)
      '@ai-sdk/provider':
        specifier: ^3.0.0
        version: 3.0.4
      '@mastra/core':
        specifier: link:../../packages/core
        version: link:../../packages/core
      '@mastra/e2b':
        specifier: link:../../workspaces/e2b
        version: link:../../workspaces/e2b
      '@mastra/fastembed':
        specifier: link:../../packages/fastembed
        version: link:../../packages/fastembed
      '@mastra/gcs':
        specifier: link:../../workspaces/gcs
        version: link:../../workspaces/gcs
      '@mastra/libsql':
        specifier: link:../../stores/libsql
        version: link:../../stores/libsql
      '@mastra/memory':
        specifier: link:../../packages/memory
        version: link:../../packages/memory
      '@mastra/observability':
        specifier: link:../../observability/mastra
        version: link:../../observability/mastra
      '@mastra/s3':
        specifier: link:../../workspaces/s3
        version: link:../../workspaces/s3
      ai:
        specifier: ^6.0.1
        version: 6.0.38(zod@3.25.76)
      mastra:
        specifier: link:../../packages/cli
        version: link:../../packages/cli
      typescript:
        specifier: ^5.8.3
        version: 5.9.3
      zod:
        specifier: ^3
        version: 3.25.76

packages:

  '@ai-sdk/gateway@3.0.16':
    resolution: {integrity: sha512-OOY5CfRJiHvh/8np2vs1RQaCZ5hWv2qOeEmmeiABXK3gLQHUVnCO+1hhoLsZdHM5iElu6M407dAOfyvTsKJqcQ==}
    engines: {node: '>=18'}
    peerDependencies:
      zod: ^3.25.76 || ^4.1.8

  '@ai-sdk/openai@3.0.12':
    resolution: {integrity: sha512-zqLWEKuaKnjXhu7xCw1jgz/+yTbd3F7EtgU4T2Q8BAo8OJC5wZv14l+kwM7Jai7M1/2Y2T/zBkrfiIu+7NsvfQ==}
    engines: {node: '>=18'}
    peerDependencies:
      zod: ^3.25.76 || ^4.1.8

  '@ai-sdk/provider-utils@4.0.8':
    resolution: {integrity: sha512-ns9gN7MmpI8vTRandzgz+KK/zNMLzhrriiKECMt4euLtQFSBgNfydtagPOX4j4pS1/3KvHF6RivhT3gNQgBZsg==}
    engines: {node: '>=18'}
    peerDependencies:
      zod: ^3.25.76 || ^4.1.8

  '@ai-sdk/provider@3.0.4':
    resolution: {integrity: sha512-5KXyBOSEX+l67elrEa+wqo/LSsSTtrPj9Uoh3zMbe/ceQX4ucHI3b9nUEfNkGF3Ry1svv90widAt+aiKdIJasQ==}
    engines: {node: '>=18'}

  '@opentelemetry/api@1.9.0':
    resolution: {integrity: sha512-3giAOQvZiH5F9bMlMiv8+GSPMeqg0dbaeo58/0SlA9sxSqZhnUtxzX9/2FzyhS9sWQf5S0GJE0AKBrFqjpeYcg==}
    engines: {node: '>=8.0.0'}

  '@standard-schema/spec@1.1.0':
    resolution: {integrity: sha512-l2aFy5jALhniG5HgqrD6jXLi/rUWrKvqN/qJx6yoJsgKhblVd+iqqU4RCXavm/jPityDo5TCvKMnpjKnOriy0w==}

  '@vercel/oidc@3.1.0':
    resolution: {integrity: sha512-Fw28YZpRnA3cAHHDlkt7xQHiJ0fcL+NRcIqsocZQUSmbzeIKRpwttJjik5ZGanXP+vlA4SbTg+AbA3bP363l+w==}
    engines: {node: '>= 20'}

  ai@6.0.38:
    resolution: {integrity: sha512-X8AaZFrdsPO1RNCAQLsaWfmE/SL9zgsiIZN3XqEHs3jIZ7ycR5aQZRg5XpNtbLWJxKXzK2b1ZXLx13AFOjksSg==}
    engines: {node: '>=18'}
    peerDependencies:
      zod: ^3.25.76 || ^4.1.8

  eventsource-parser@3.0.6:
    resolution: {integrity: sha512-Vo1ab+QXPzZ4tCa8SwIHJFaSzy4R6SHf7BY79rFBDf0idraZWAkYrDjDj8uWaSm3S2TK+hJ7/t1CEmZ7jXw+pg==}
    engines: {node: '>=18.0.0'}

  json-schema@0.4.0:
    resolution: {integrity: sha512-es94M3nTIfsEPisRafak+HDLfHXnKBhV3vU5eqPcS3flIWqcxJWgXHXiey3YrpaNsanY5ei1VoYEbOzijuq9BA==}

  typescript@5.9.3:
    resolution: {integrity: sha512-jl1vZzPDinLr9eUt3J/t7V6FgNEw9QjvBPdysz9KfQDD41fQrC2Y4vKQdiaUpFT4bXlb1RHhLpp8wtm6M5TgSw==}
    engines: {node: '>=14.17'}
    hasBin: true

  zod@3.25.76:
    resolution: {integrity: sha512-gzUt/qt81nXsFGKIFcC3YnfEAx5NkunCfnDlvuBSSFS02bcXu4Lmea0AFIUwbLWxWPx3d9p8S5QoaujKcNQxcQ==}

snapshots:

  '@ai-sdk/gateway@3.0.16(zod@3.25.76)':
    dependencies:
      '@ai-sdk/provider': 3.0.4
      '@ai-sdk/provider-utils': 4.0.8(zod@3.25.76)
      '@vercel/oidc': 3.1.0
      zod: 3.25.76

  '@ai-sdk/openai@3.0.12(zod@3.25.76)':
    dependencies:
      '@ai-sdk/provider': 3.0.4
      '@ai-sdk/provider-utils': 4.0.8(zod@3.25.76)
      zod: 3.25.76

  '@ai-sdk/provider-utils@4.0.8(zod@3.25.76)':
    dependencies:
      '@ai-sdk/provider': 3.0.4
      '@standard-schema/spec': 1.1.0
      eventsource-parser: 3.0.6
      zod: 3.25.76

  '@ai-sdk/provider@3.0.4':
    dependencies:
      json-schema: 0.4.0

  '@opentelemetry/api@1.9.0': {}

  '@standard-schema/spec@1.1.0': {}

  '@vercel/oidc@3.1.0': {}

  ai@6.0.38(zod@3.25.76):
    dependencies:
      '@ai-sdk/gateway': 3.0.16(zod@3.25.76)
      '@ai-sdk/provider': 3.0.4
      '@ai-sdk/provider-utils': 4.0.8(zod@3.25.76)
      '@opentelemetry/api': 1.9.0
      zod: 3.25.76

  eventsource-parser@3.0.6: {}

  json-schema@0.4.0: {}

  typescript@5.9.3: {}

  zod@3.25.76: {}
